
Microsoft Visual Studio Solution File, Format Version 12.00
# Visual Studio Version 17
VisualStudioVersion = 17.5.33627.172
MinimumVisualStudioVersion = 10.0.40219.1
Project("{FAE04EC0-301F-11D3-BF4B-00C04F79EFBC}") = "e waste", "e waste\e waste.csproj", "{6CC335FB-00C7-44D5-A6FC-ECD07C6BEBBB}"
EndProject
Global
	GlobalSection(SolutionConfigurationPlatforms) = preSolution
		Debug|Any CPU = Debug|Any CPU
		Release|Any CPU = Release|Any CPU
	EndGlobalSection
	GlobalSection(ProjectConfigurationPlatforms) = postSolution
		{6CC335FB-00C7-44D5-A6FC-ECD07C6BEBBB}.Debug|Any CPU.ActiveCfg = Debug|Any CPU
		{6CC335FB-00C7-44D5-A6FC-ECD07C6BEBBB}.Debug|Any CPU.Build.0 = Debug|Any CPU
		{6CC335FB-00C7-44D5-A6FC-ECD07C6BEBBB}.Release|Any CPU.ActiveCfg = Release|Any CPU
		{6CC335FB-00C7-44D5-A6FC-ECD07C6BEBBB}.Release|Any CPU.Build.0 = Release|Any CPU
	EndGlobalSection
	GlobalSection(SolutionProperties) = preSolution
		HideSolutionNode = FALSE
	EndGlobalSection
	GlobalSection(ExtensibilityGlobals) = postSolution
		SolutionGuid = {B2A7767C-A9CA-4452-ACDF-7A121E2D5F28}
	EndGlobalSection
EndGlobal
